
Microsoft Visual Studio Solution File, Format Version 12.00
# Visual Studio Version 17
VisualStudioVersion = 17.5.33516.290
MinimumVisualStudioVersion = 10.0.40219.1
Project("{FAE04EC0-301F-11D3-BF4B-00C04F79EFBC}") = "PrjHelloWord", "PrjHelloWord\PrjHelloWord.csproj", "{0F9F2317-028C-4F12-A546-63BE7AA92EFB}"
EndProject
Global
	GlobalSection(SolutionConfigurationPlatforms) = preSolution
		Debug|Any CPU = Debug|Any CPU
		Release|Any CPU = Release|Any CPU
	EndGlobalSection
	GlobalSection(ProjectConfigurationPlatforms) = postSolution
		{0F9F2317-028C-4F12-A546-63BE7AA92EFB}.Debug|Any CPU.ActiveCfg = Debug|Any CPU
		{0F9F2317-028C-4F12-A546-63BE7AA92EFB}.Debug|Any CPU.Build.0 = Debug|Any CPU
		{0F9F2317-028C-4F12-A546-63BE7AA92EFB}.Release|Any CPU.ActiveCfg = Release|Any CPU
		{0F9F2317-028C-4F12-A546-63BE7AA92EFB}.Release|Any CPU.Build.0 = Release|Any CPU
	EndGlobalSection
	GlobalSection(SolutionProperties) = preSolution
		HideSolutionNode = FALSE
	EndGlobalSection
	GlobalSection(ExtensibilityGlobals) = postSolution
		SolutionGuid = {9B886DA1-11D2-4D81-984C-611513B01196}
	EndGlobalSection
EndGlobal
